
Microsoft Visual Studio Solution File, Format Version 12.00
Project("{FAE04EC0-301F-11D3-BF4B-00C04F79EFBC}") = "PhotonBlue", "PhotonBlue\PhotonBlue.csproj", "{83763816-9F1D-42AC-8A30-47E9D2444347}"
EndProject
Project("{2150E333-8FDC-42A3-9474-1A3956D46DE8}") = "Git", "Git", "{5FE4B4A0-A52F-482A-BF40-FA0CD698486D}"
	ProjectSection(SolutionItems) = preProject
		..\.gitignore = ..\.gitignore
	EndProjectSection
EndProject
Project("{FAE04EC0-301F-11D3-BF4B-00C04F79EFBC}") = "PhotonBlue.Tests", "PhotonBlue.Tests\PhotonBlue.Tests.csproj", "{FDB4F691-E21C-4DFC-8A47-9A940E40640A}"
EndProject
Project("{2150E333-8FDC-42A3-9474-1A3956D46DE8}") = "GitHub", "GitHub", "{D43C13D1-E8C3-41EB-B1A9-36D40608EAB6}"
	ProjectSection(SolutionItems) = preProject
		..\README.md = ..\README.md
	EndProjectSection
EndProject
Project("{8BC9CEB8-8B4A-11D0-8D11-00A0C91BC942}") = "ooz", "ooz\ooz.vcxproj", "{B6748219-A0E7-46BB-AE38-5343961CB36A}"
EndProject
Project("{8BC9CEB8-8B4A-11D0-8D11-00A0C91BC942}") = "PhotonBlue.Ooz", "PhotonBlue.Ooz\PhotonBlue.Ooz.vcxproj", "{06122773-8C0D-44D8-B021-9D2044EDA7CA}"
EndProject
Project("{FAE04EC0-301F-11D3-BF4B-00C04F79EFBC}") = "PhotonBlue.Cmd", "PhotonBlue.Cmd\PhotonBlue.Cmd.csproj", "{54BEF3C6-B5D7-41A1-8CBE-FFF162D78D79}"
EndProject
Project("{2150E333-8FDC-42A3-9474-1A3956D46DE8}") = "Documentation", "Documentation", "{54BF9BEA-2CDA-4501-9286-CAD01ACBB22E}"
	ProjectSection(SolutionItems) = preProject
		..\docfx\articles\intro.md = ..\docfx\articles\intro.md
		..\docfx\articles\toc.yml = ..\docfx\articles\toc.yml
		..\docfx\articles\getting-started.md = ..\docfx\articles\getting-started.md
		..\docfx\articles\performance-considerations.md = ..\docfx\articles\performance-considerations.md
	EndProjectSection
EndProject
Project("{FAE04EC0-301F-11D3-BF4B-00C04F79EFBC}") = "PhotonBlue.Benchmarks", "PhotonBlue.Benchmarks\PhotonBlue.Benchmarks.csproj", "{3963EEF5-F2C9-4755-B20D-D6048A8AD71B}"
EndProject
Project("{FAE04EC0-301F-11D3-BF4B-00C04F79EFBC}") = "PhotonBlue.Persistence.Sqlite", "PhotonBlue.Persistence.Sqlite\PhotonBlue.Persistence.Sqlite.csproj", "{F1F72233-6DE5-420F-80CE-DA231EA83B9D}"
EndProject
Global
	GlobalSection(SolutionConfigurationPlatforms) = preSolution
		Debug|Any CPU = Debug|Any CPU
		Release|Any CPU = Release|Any CPU
	EndGlobalSection
	GlobalSection(ProjectConfigurationPlatforms) = postSolution
		{83763816-9F1D-42AC-8A30-47E9D2444347}.Debug|Any CPU.ActiveCfg = Debug|Any CPU
		{83763816-9F1D-42AC-8A30-47E9D2444347}.Debug|Any CPU.Build.0 = Debug|Any CPU
		{83763816-9F1D-42AC-8A30-47E9D2444347}.Release|Any CPU.ActiveCfg = Release|Any CPU
		{83763816-9F1D-42AC-8A30-47E9D2444347}.Release|Any CPU.Build.0 = Release|Any CPU
		{FDB4F691-E21C-4DFC-8A47-9A940E40640A}.Debug|Any CPU.ActiveCfg = Debug|Any CPU
		{FDB4F691-E21C-4DFC-8A47-9A940E40640A}.Debug|Any CPU.Build.0 = Debug|Any CPU
		{FDB4F691-E21C-4DFC-8A47-9A940E40640A}.Release|Any CPU.ActiveCfg = Release|Any CPU
		{FDB4F691-E21C-4DFC-8A47-9A940E40640A}.Release|Any CPU.Build.0 = Release|Any CPU
		{54BEF3C6-B5D7-41A1-8CBE-FFF162D78D79}.Debug|Any CPU.ActiveCfg = Debug|Any CPU
		{54BEF3C6-B5D7-41A1-8CBE-FFF162D78D79}.Debug|Any CPU.Build.0 = Debug|Any CPU
		{54BEF3C6-B5D7-41A1-8CBE-FFF162D78D79}.Release|Any CPU.ActiveCfg = Release|Any CPU
		{54BEF3C6-B5D7-41A1-8CBE-FFF162D78D79}.Release|Any CPU.Build.0 = Release|Any CPU
		{B6748219-A0E7-46BB-AE38-5343961CB36A}.Debug|Any CPU.ActiveCfg = Debug|x64
		{B6748219-A0E7-46BB-AE38-5343961CB36A}.Debug|Any CPU.Build.0 = Debug|x64
		{B6748219-A0E7-46BB-AE38-5343961CB36A}.Release|Any CPU.ActiveCfg = Release|x64
		{B6748219-A0E7-46BB-AE38-5343961CB36A}.Release|Any CPU.Build.0 = Release|x64
		{06122773-8C0D-44D8-B021-9D2044EDA7CA}.Debug|Any CPU.ActiveCfg = Debug|x64
		{06122773-8C0D-44D8-B021-9D2044EDA7CA}.Debug|Any CPU.Build.0 = Debug|x64
		{06122773-8C0D-44D8-B021-9D2044EDA7CA}.Release|Any CPU.ActiveCfg = Release|x64
		{06122773-8C0D-44D8-B021-9D2044EDA7CA}.Release|Any CPU.Build.0 = Release|x64
		{3963EEF5-F2C9-4755-B20D-D6048A8AD71B}.Debug|Any CPU.ActiveCfg = Debug|Any CPU
		{3963EEF5-F2C9-4755-B20D-D6048A8AD71B}.Debug|Any CPU.Build.0 = Debug|Any CPU
		{3963EEF5-F2C9-4755-B20D-D6048A8AD71B}.Release|Any CPU.ActiveCfg = Release|Any CPU
		{3963EEF5-F2C9-4755-B20D-D6048A8AD71B}.Release|Any CPU.Build.0 = Release|Any CPU
		{F1F72233-6DE5-420F-80CE-DA231EA83B9D}.Debug|Any CPU.ActiveCfg = Debug|Any CPU
		{F1F72233-6DE5-420F-80CE-DA231EA83B9D}.Debug|Any CPU.Build.0 = Debug|Any CPU
		{F1F72233-6DE5-420F-80CE-DA231EA83B9D}.Release|Any CPU.ActiveCfg = Release|Any CPU
		{F1F72233-6DE5-420F-80CE-DA231EA83B9D}.Release|Any CPU.Build.0 = Release|Any CPU
	EndGlobalSection
EndGlobal
